
Microsoft Visual Studio Solution File, Format Version 12.00
# Visual Studio Version 17
VisualStudioVersion = 17.11.35327.3
MinimumVisualStudioVersion = 10.0.40219.1
Project("{FAE04EC0-301F-11D3-BF4B-00C04F79EFBC}") = "MineText", "MineText\MineText.csproj", "{C9986729-B170-431B-9A48-C07D2A660F3A}"
EndProject
Global
	GlobalSection(SolutionConfigurationPlatforms) = preSolution
		Debug|Any CPU = Debug|Any CPU
		Release|Any CPU = Release|Any CPU
	EndGlobalSection
	GlobalSection(ProjectConfigurationPlatforms) = postSolution
		{C9986729-B170-431B-9A48-C07D2A660F3A}.Debug|Any CPU.ActiveCfg = Debug|Any CPU
		{C9986729-B170-431B-9A48-C07D2A660F3A}.Debug|Any CPU.Build.0 = Debug|Any CPU
		{C9986729-B170-431B-9A48-C07D2A660F3A}.Release|Any CPU.ActiveCfg = Release|Any CPU
		{C9986729-B170-431B-9A48-C07D2A660F3A}.Release|Any CPU.Build.0 = Release|Any CPU
	EndGlobalSection
	GlobalSection(SolutionProperties) = preSolution
		HideSolutionNode = FALSE
	EndGlobalSection
	GlobalSection(ExtensibilityGlobals) = postSolution
		SolutionGuid = {11232F19-9483-4B31-B5C6-22AF9A1C44C8}
	EndGlobalSection
EndGlobal
